
Microsoft Visual Studio Solution File, Format Version 12.00
# Visual Studio 15
VisualStudioVersion = 15.0.27130.2027
MinimumVisualStudioVersion = 10.0.40219.1
Project("{FAE04EC0-301F-11D3-BF4B-00C04F79EFBC}") = "Barista", "Barista\Barista.csproj", "{A553CEA1-F9BF-442D-BCBD-E47092DB2B94}"
EndProject
Global
	GlobalSection(SolutionConfigurationPlatforms) = preSolution
		Debug|Any CPU = Debug|Any CPU
		Release|Any CPU = Release|Any CPU
	EndGlobalSection
	GlobalSection(ProjectConfigurationPlatforms) = postSolution
		{A553CEA1-F9BF-442D-BCBD-E47092DB2B94}.Debug|Any CPU.ActiveCfg = Debug|Any CPU
		{A553CEA1-F9BF-442D-BCBD-E47092DB2B94}.Debug|Any CPU.Build.0 = Debug|Any CPU
		{A553CEA1-F9BF-442D-BCBD-E47092DB2B94}.Release|Any CPU.ActiveCfg = Release|Any CPU
		{A553CEA1-F9BF-442D-BCBD-E47092DB2B94}.Release|Any CPU.Build.0 = Release|Any CPU
	EndGlobalSection
	GlobalSection(SolutionProperties) = preSolution
		HideSolutionNode = FALSE
	EndGlobalSection
	GlobalSection(ExtensibilityGlobals) = postSolution
		SolutionGuid = {826C63BA-4DA7-421C-92FE-464AB03D6A95}
	EndGlobalSection
EndGlobal
