
Microsoft Visual Studio Solution File, Format Version 12.00
# Visual Studio 15
VisualStudioVersion = 15.0.27130.2027
MinimumVisualStudioVersion = 10.0.40219.1
Project("{FAE04EC0-301F-11D3-BF4B-00C04F79EFBC}") = "ChapterSix", "ChapterSix\ChapterSix.csproj", "{6275A06F-90A7-4187-B353-BC0659A16041}"
EndProject
Global
	GlobalSection(SolutionConfigurationPlatforms) = preSolution
		Debug|Any CPU = Debug|Any CPU
		Release|Any CPU = Release|Any CPU
	EndGlobalSection
	GlobalSection(ProjectConfigurationPlatforms) = postSolution
		{6275A06F-90A7-4187-B353-BC0659A16041}.Debug|Any CPU.ActiveCfg = Debug|Any CPU
		{6275A06F-90A7-4187-B353-BC0659A16041}.Debug|Any CPU.Build.0 = Debug|Any CPU
		{6275A06F-90A7-4187-B353-BC0659A16041}.Release|Any CPU.ActiveCfg = Release|Any CPU
		{6275A06F-90A7-4187-B353-BC0659A16041}.Release|Any CPU.Build.0 = Release|Any CPU
	EndGlobalSection
	GlobalSection(SolutionProperties) = preSolution
		HideSolutionNode = FALSE
	EndGlobalSection
	GlobalSection(ExtensibilityGlobals) = postSolution
		SolutionGuid = {8738E0D5-863C-4330-B40E-DD6B65CD5271}
	EndGlobalSection
EndGlobal
