
Microsoft Visual Studio Solution File, Format Version 12.00
# Visual Studio 15
VisualStudioVersion = 15.0.27130.2027
MinimumVisualStudioVersion = 10.0.40219.1
Project("{FAE04EC0-301F-11D3-BF4B-00C04F79EFBC}") = "Sort", "Sort\Sort.csproj", "{DDAB2581-F202-4DDC-B4A0-7A0612697F67}"
EndProject
Global
	GlobalSection(SolutionConfigurationPlatforms) = preSolution
		Debug|Any CPU = Debug|Any CPU
		Release|Any CPU = Release|Any CPU
	EndGlobalSection
	GlobalSection(ProjectConfigurationPlatforms) = postSolution
		{DDAB2581-F202-4DDC-B4A0-7A0612697F67}.Debug|Any CPU.ActiveCfg = Debug|Any CPU
		{DDAB2581-F202-4DDC-B4A0-7A0612697F67}.Debug|Any CPU.Build.0 = Debug|Any CPU
		{DDAB2581-F202-4DDC-B4A0-7A0612697F67}.Release|Any CPU.ActiveCfg = Release|Any CPU
		{DDAB2581-F202-4DDC-B4A0-7A0612697F67}.Release|Any CPU.Build.0 = Release|Any CPU
	EndGlobalSection
	GlobalSection(SolutionProperties) = preSolution
		HideSolutionNode = FALSE
	EndGlobalSection
	GlobalSection(ExtensibilityGlobals) = postSolution
		SolutionGuid = {E37AF294-632E-4331-AF00-AD4BAC4D8428}
	EndGlobalSection
EndGlobal
