
Microsoft Visual Studio Solution File, Format Version 12.00
# Visual Studio 15
VisualStudioVersion = 15.0.27130.2026
MinimumVisualStudioVersion = 10.0.40219.1
Project("{FAE04EC0-301F-11D3-BF4B-00C04F79EFBC}") = "ChapterThree", "ChapterThree\ChapterThree.csproj", "{EA957E22-71B6-4697-8629-D8DF59B258DB}"
EndProject
Global
	GlobalSection(SolutionConfigurationPlatforms) = preSolution
		Debug|Any CPU = Debug|Any CPU
		Release|Any CPU = Release|Any CPU
	EndGlobalSection
	GlobalSection(ProjectConfigurationPlatforms) = postSolution
		{EA957E22-71B6-4697-8629-D8DF59B258DB}.Debug|Any CPU.ActiveCfg = Debug|Any CPU
		{EA957E22-71B6-4697-8629-D8DF59B258DB}.Debug|Any CPU.Build.0 = Debug|Any CPU
		{EA957E22-71B6-4697-8629-D8DF59B258DB}.Release|Any CPU.ActiveCfg = Release|Any CPU
		{EA957E22-71B6-4697-8629-D8DF59B258DB}.Release|Any CPU.Build.0 = Release|Any CPU
	EndGlobalSection
	GlobalSection(SolutionProperties) = preSolution
		HideSolutionNode = FALSE
	EndGlobalSection
	GlobalSection(ExtensibilityGlobals) = postSolution
		SolutionGuid = {97FD2551-0C41-47B4-83BC-96ABBB8B12DC}
	EndGlobalSection
EndGlobal
