
Microsoft Visual Studio Solution File, Format Version 12.00
# Visual Studio 15
VisualStudioVersion = 15.0.27130.2027
MinimumVisualStudioVersion = 10.0.40219.1
Project("{FAE04EC0-301F-11D3-BF4B-00C04F79EFBC}") = "ChapterSeven", "ChapterSeven\ChapterSeven.csproj", "{71DE0965-FF45-44F1-8B42-68F47F07E9C3}"
EndProject
Global
	GlobalSection(SolutionConfigurationPlatforms) = preSolution
		Debug|Any CPU = Debug|Any CPU
		Release|Any CPU = Release|Any CPU
	EndGlobalSection
	GlobalSection(ProjectConfigurationPlatforms) = postSolution
		{71DE0965-FF45-44F1-8B42-68F47F07E9C3}.Debug|Any CPU.ActiveCfg = Debug|Any CPU
		{71DE0965-FF45-44F1-8B42-68F47F07E9C3}.Debug|Any CPU.Build.0 = Debug|Any CPU
		{71DE0965-FF45-44F1-8B42-68F47F07E9C3}.Release|Any CPU.ActiveCfg = Release|Any CPU
		{71DE0965-FF45-44F1-8B42-68F47F07E9C3}.Release|Any CPU.Build.0 = Release|Any CPU
	EndGlobalSection
	GlobalSection(SolutionProperties) = preSolution
		HideSolutionNode = FALSE
	EndGlobalSection
	GlobalSection(ExtensibilityGlobals) = postSolution
		SolutionGuid = {BA4A655D-A0BC-4371-931F-F792B0DAE62B}
	EndGlobalSection
EndGlobal
