
Microsoft Visual Studio Solution File, Format Version 12.00
# Visual Studio 15
VisualStudioVersion = 15.0.27130.2026
MinimumVisualStudioVersion = 10.0.40219.1
Project("{FAE04EC0-301F-11D3-BF4B-00C04F79EFBC}") = "ChapterTwo", "ChapterTwo\ChapterTwo.csproj", "{040B47A6-D834-4664-A2CC-949602F4DA44}"
EndProject
Global
	GlobalSection(SolutionConfigurationPlatforms) = preSolution
		Debug|Any CPU = Debug|Any CPU
		Release|Any CPU = Release|Any CPU
	EndGlobalSection
	GlobalSection(ProjectConfigurationPlatforms) = postSolution
		{040B47A6-D834-4664-A2CC-949602F4DA44}.Debug|Any CPU.ActiveCfg = Debug|Any CPU
		{040B47A6-D834-4664-A2CC-949602F4DA44}.Debug|Any CPU.Build.0 = Debug|Any CPU
		{040B47A6-D834-4664-A2CC-949602F4DA44}.Release|Any CPU.ActiveCfg = Release|Any CPU
		{040B47A6-D834-4664-A2CC-949602F4DA44}.Release|Any CPU.Build.0 = Release|Any CPU
	EndGlobalSection
	GlobalSection(SolutionProperties) = preSolution
		HideSolutionNode = FALSE
	EndGlobalSection
	GlobalSection(ExtensibilityGlobals) = postSolution
		SolutionGuid = {437530D2-142A-416F-A812-82131002E70D}
	EndGlobalSection
EndGlobal
